
Microsoft Visual Studio Solution File, Format Version 12.00
# Visual Studio Version 17
VisualStudioVersion = 17.2.32630.192
MinimumVisualStudioVersion = 10.0.40219.1
Project("{9A19103F-16F7-4668-BE54-9A1E7A4F7556}") = "ClickHouseBuffer", "src\ClickHouseBuffer\ClickHouseBuffer.csproj", "{10D23589-4769-4206-A505-CF6D2890C589}"
EndProject
Project("{9A19103F-16F7-4668-BE54-9A1E7A4F7556}") = "ClickHouseBuffer.Tests", "src\ClickHouseBuffer.Tests\ClickHouseBuffer.Tests.csproj", "{C8B360D5-5A96-4BE6-81EA-4CE8BE8FB2CA}"
EndProject
Global
	GlobalSection(SolutionConfigurationPlatforms) = preSolution
		Debug|Any CPU = Debug|Any CPU
		Release|Any CPU = Release|Any CPU
	EndGlobalSection
	GlobalSection(ProjectConfigurationPlatforms) = postSolution
		{10D23589-4769-4206-A505-CF6D2890C589}.Debug|Any CPU.ActiveCfg = Debug|Any CPU
		{10D23589-4769-4206-A505-CF6D2890C589}.Debug|Any CPU.Build.0 = Debug|Any CPU
		{10D23589-4769-4206-A505-CF6D2890C589}.Release|Any CPU.ActiveCfg = Release|Any CPU
		{10D23589-4769-4206-A505-CF6D2890C589}.Release|Any CPU.Build.0 = Release|Any CPU
		{C8B360D5-5A96-4BE6-81EA-4CE8BE8FB2CA}.Debug|Any CPU.ActiveCfg = Debug|Any CPU
		{C8B360D5-5A96-4BE6-81EA-4CE8BE8FB2CA}.Debug|Any CPU.Build.0 = Debug|Any CPU
		{C8B360D5-5A96-4BE6-81EA-4CE8BE8FB2CA}.Release|Any CPU.ActiveCfg = Release|Any CPU
		{C8B360D5-5A96-4BE6-81EA-4CE8BE8FB2CA}.Release|Any CPU.Build.0 = Release|Any CPU
	EndGlobalSection
	GlobalSection(SolutionProperties) = preSolution
		HideSolutionNode = FALSE
	EndGlobalSection
	GlobalSection(ExtensibilityGlobals) = postSolution
		SolutionGuid = {3A2227B5-FAC1-48C1-B6A3-4C930AE708CC}
	EndGlobalSection
EndGlobal
